
Microsoft Visual Studio Solution File, Format Version 12.00
# Visual Studio Version 17
VisualStudioVersion = 17.12.35323.107
MinimumVisualStudioVersion = 10.0.40219.1
Project("{FAE04EC0-301F-11D3-BF4B-00C04F79EFBC}") = "Planner.App", "Planner.App.csproj", "{8DEB425C-CD33-44E6-A336-F7EEA7C67789}"
EndProject
Global
	GlobalSection(SolutionConfigurationPlatforms) = preSolution
		Debug|Any CPU = Debug|Any CPU
		Release|Any CPU = Release|Any CPU
	EndGlobalSection
	GlobalSection(ProjectConfigurationPlatforms) = postSolution
		{8DEB425C-CD33-44E6-A336-F7EEA7C67789}.Debug|Any CPU.ActiveCfg = Debug|Any CPU
		{8DEB425C-CD33-44E6-A336-F7EEA7C67789}.Debug|Any CPU.Build.0 = Debug|Any CPU
		{8DEB425C-CD33-44E6-A336-F7EEA7C67789}.Release|Any CPU.ActiveCfg = Release|Any CPU
		{8DEB425C-CD33-44E6-A336-F7EEA7C67789}.Release|Any CPU.Build.0 = Release|Any CPU
	EndGlobalSection
	GlobalSection(SolutionProperties) = preSolution
		HideSolutionNode = FALSE
	EndGlobalSection
	GlobalSection(ExtensibilityGlobals) = postSolution
		SolutionGuid = {0A94D922-B08D-4B1B-8C3E-A3005423A804}
	EndGlobalSection
EndGlobal
